
Microsoft Visual Studio Solution File, Format Version 12.00
# Visual Studio Version 16
VisualStudioVersion = 16.0.28803.352
MinimumVisualStudioVersion = 10.0.40219.1
Project("{9A19103F-16F7-4668-BE54-9A1E7A4F7556}") = "Prototype", "Prototype.csproj", "{B8A0CF1A-0A20-4DAE-B34A-C050B929CB13}"
EndProject
Global
	GlobalSection(SolutionConfigurationPlatforms) = preSolution
		Debug|Any CPU = Debug|Any CPU
		Release|Any CPU = Release|Any CPU
	EndGlobalSection
	GlobalSection(ProjectConfigurationPlatforms) = postSolution
		{B8A0CF1A-0A20-4DAE-B34A-C050B929CB13}.Debug|Any CPU.ActiveCfg = Debug|Any CPU
		{B8A0CF1A-0A20-4DAE-B34A-C050B929CB13}.Debug|Any CPU.Build.0 = Debug|Any CPU
		{B8A0CF1A-0A20-4DAE-B34A-C050B929CB13}.Release|Any CPU.ActiveCfg = Release|Any CPU
		{B8A0CF1A-0A20-4DAE-B34A-C050B929CB13}.Release|Any CPU.Build.0 = Release|Any CPU
	EndGlobalSection
	GlobalSection(SolutionProperties) = preSolution
		HideSolutionNode = FALSE
	EndGlobalSection
	GlobalSection(ExtensibilityGlobals) = postSolution
		SolutionGuid = {6B464BB7-AA50-4C48-8BED-47D5410F6261}
	EndGlobalSection
EndGlobal
