
Microsoft Visual Studio Solution File, Format Version 12.00
# Visual Studio Version 16
VisualStudioVersion = 16.0.28803.452
MinimumVisualStudioVersion = 10.0.40219.1
Project("{FAE04EC0-301F-11D3-BF4B-00C04F79EFBC}") = "DesignPatters-9-Decorator", "DesignPatters-9-Decorator\DesignPatters-9-Decorator.csproj", "{93EFAC5F-2FE7-49E6-8C0C-D5373FB6B639}"
EndProject
Global
	GlobalSection(SolutionConfigurationPlatforms) = preSolution
		Debug|Any CPU = Debug|Any CPU
		Release|Any CPU = Release|Any CPU
	EndGlobalSection
	GlobalSection(ProjectConfigurationPlatforms) = postSolution
		{93EFAC5F-2FE7-49E6-8C0C-D5373FB6B639}.Debug|Any CPU.ActiveCfg = Debug|Any CPU
		{93EFAC5F-2FE7-49E6-8C0C-D5373FB6B639}.Debug|Any CPU.Build.0 = Debug|Any CPU
		{93EFAC5F-2FE7-49E6-8C0C-D5373FB6B639}.Release|Any CPU.ActiveCfg = Release|Any CPU
		{93EFAC5F-2FE7-49E6-8C0C-D5373FB6B639}.Release|Any CPU.Build.0 = Release|Any CPU
	EndGlobalSection
	GlobalSection(SolutionProperties) = preSolution
		HideSolutionNode = FALSE
	EndGlobalSection
	GlobalSection(ExtensibilityGlobals) = postSolution
		SolutionGuid = {94AA462D-4DCE-447F-981D-B87538525880}
	EndGlobalSection
EndGlobal
