
Microsoft Visual Studio Solution File, Format Version 12.00
# Visual Studio Version 16
VisualStudioVersion = 16.0.28803.352
MinimumVisualStudioVersion = 10.0.40219.1
Project("{FAE04EC0-301F-11D3-BF4B-00C04F79EFBC}") = "DesignPatters-3-Factory", "DesignPatters-3-Factory.csproj", "{41094DB6-E2F5-4AFC-B201-A4E4CC7A4F66}"
EndProject
Global
	GlobalSection(SolutionConfigurationPlatforms) = preSolution
		Debug|Any CPU = Debug|Any CPU
		Release|Any CPU = Release|Any CPU
	EndGlobalSection
	GlobalSection(ProjectConfigurationPlatforms) = postSolution
		{41094DB6-E2F5-4AFC-B201-A4E4CC7A4F66}.Debug|Any CPU.ActiveCfg = Debug|Any CPU
		{41094DB6-E2F5-4AFC-B201-A4E4CC7A4F66}.Debug|Any CPU.Build.0 = Debug|Any CPU
		{41094DB6-E2F5-4AFC-B201-A4E4CC7A4F66}.Release|Any CPU.ActiveCfg = Release|Any CPU
		{41094DB6-E2F5-4AFC-B201-A4E4CC7A4F66}.Release|Any CPU.Build.0 = Release|Any CPU
	EndGlobalSection
	GlobalSection(SolutionProperties) = preSolution
		HideSolutionNode = FALSE
	EndGlobalSection
	GlobalSection(ExtensibilityGlobals) = postSolution
		SolutionGuid = {A14CE4ED-ABA9-4149-AA78-2C4BE2A7350D}
	EndGlobalSection
EndGlobal
